
Microsoft Visual Studio Solution File, Format Version 12.00
# Visual Studio Version 17
VisualStudioVersion = 17.10.35122.118
MinimumVisualStudioVersion = 10.0.40219.1
Project("{9A19103F-16F7-4668-BE54-9A1E7A4F7556}") = "Macro1", "Macro1.csproj", "{DC983626-F791-470B-86CD-644C80181F04}"
EndProject
Project("{FAE04EC0-301F-11D3-BF4B-00C04F79EFBC}") = "Macro1Tests", "..\Macro1Tests\Macro1Tests.csproj", "{4A60F4B0-D82F-4B90-9786-24E6C919DAE2}"
EndProject
Global
	GlobalSection(SolutionConfigurationPlatforms) = preSolution
		Debug|Any CPU = Debug|Any CPU
		Release|Any CPU = Release|Any CPU
	EndGlobalSection
	GlobalSection(ProjectConfigurationPlatforms) = postSolution
		{DC983626-F791-470B-86CD-644C80181F04}.Debug|Any CPU.ActiveCfg = Debug|Any CPU
		{DC983626-F791-470B-86CD-644C80181F04}.Debug|Any CPU.Build.0 = Debug|Any CPU
		{DC983626-F791-470B-86CD-644C80181F04}.Release|Any CPU.ActiveCfg = Release|Any CPU
		{DC983626-F791-470B-86CD-644C80181F04}.Release|Any CPU.Build.0 = Release|Any CPU
		{4A60F4B0-D82F-4B90-9786-24E6C919DAE2}.Debug|Any CPU.ActiveCfg = Debug|Any CPU
		{4A60F4B0-D82F-4B90-9786-24E6C919DAE2}.Debug|Any CPU.Build.0 = Debug|Any CPU
		{4A60F4B0-D82F-4B90-9786-24E6C919DAE2}.Release|Any CPU.ActiveCfg = Release|Any CPU
		{4A60F4B0-D82F-4B90-9786-24E6C919DAE2}.Release|Any CPU.Build.0 = Release|Any CPU
	EndGlobalSection
	GlobalSection(SolutionProperties) = preSolution
		HideSolutionNode = FALSE
	EndGlobalSection
	GlobalSection(ExtensibilityGlobals) = postSolution
		SolutionGuid = {56B8B1E3-841B-494F-B2E0-A471B7DA3ADE}
	EndGlobalSection
EndGlobal
